
Microsoft Visual Studio Solution File, Format Version 12.00
# Visual Studio Version 17
VisualStudioVersion = 17.0.31903.59
MinimumVisualStudioVersion = 10.0.40219.1
Project("{2150E333-8FDC-42A3-9474-1A3956D46DE8}") = "src", "src", "{827E0CD3-B72D-47B6-A68D-7590B98EB39B}"
EndProject
Project("{FAE04EC0-301F-11D3-BF4B-00C04F79EFBC}") = "API", "src\API\API.csproj", "{4A02A16C-95CE-447D-9D1E-8E761FC92C91}"
EndProject
Project("{FAE04EC0-301F-11D3-BF4B-00C04F79EFBC}") = "Application", "src\Application\Application.csproj", "{FE3B9720-939E-412B-88B5-FADFE043BB7F}"
EndProject
Project("{FAE04EC0-301F-11D3-BF4B-00C04F79EFBC}") = "Domain", "src\Domain\Domain.csproj", "{702F53F1-445A-409D-8DDE-070E8A92DD07}"
EndProject
Project("{FAE04EC0-301F-11D3-BF4B-00C04F79EFBC}") = "Infrastructure", "src\Infrastructure\Infrastructure.csproj", "{2300B207-F3D3-4C69-BDF2-B92F59FF46E0}"
EndProject
Global
	GlobalSection(SolutionConfigurationPlatforms) = preSolution
		Debug|Any CPU = Debug|Any CPU
		Debug|x64 = Debug|x64
		Debug|x86 = Debug|x86
		Release|Any CPU = Release|Any CPU
		Release|x64 = Release|x64
		Release|x86 = Release|x86
	EndGlobalSection
	GlobalSection(ProjectConfigurationPlatforms) = postSolution
		{4A02A16C-95CE-447D-9D1E-8E761FC92C91}.Debug|Any CPU.ActiveCfg = Debug|Any CPU
		{4A02A16C-95CE-447D-9D1E-8E761FC92C91}.Debug|Any CPU.Build.0 = Debug|Any CPU
		{4A02A16C-95CE-447D-9D1E-8E761FC92C91}.Debug|x64.ActiveCfg = Debug|Any CPU
		{4A02A16C-95CE-447D-9D1E-8E761FC92C91}.Debug|x64.Build.0 = Debug|Any CPU
		{4A02A16C-95CE-447D-9D1E-8E761FC92C91}.Debug|x86.ActiveCfg = Debug|Any CPU
		{4A02A16C-95CE-447D-9D1E-8E761FC92C91}.Debug|x86.Build.0 = Debug|Any CPU
		{4A02A16C-95CE-447D-9D1E-8E761FC92C91}.Release|Any CPU.ActiveCfg = Release|Any CPU
		{4A02A16C-95CE-447D-9D1E-8E761FC92C91}.Release|Any CPU.Build.0 = Release|Any CPU
		{4A02A16C-95CE-447D-9D1E-8E761FC92C91}.Release|x64.ActiveCfg = Release|Any CPU
		{4A02A16C-95CE-447D-9D1E-8E761FC92C91}.Release|x64.Build.0 = Release|Any CPU
		{4A02A16C-95CE-447D-9D1E-8E761FC92C91}.Release|x86.ActiveCfg = Release|Any CPU
		{4A02A16C-95CE-447D-9D1E-8E761FC92C91}.Release|x86.Build.0 = Release|Any CPU
		{FE3B9720-939E-412B-88B5-FADFE043BB7F}.Debug|Any CPU.ActiveCfg = Debug|Any CPU
		{FE3B9720-939E-412B-88B5-FADFE043BB7F}.Debug|Any CPU.Build.0 = Debug|Any CPU
		{FE3B9720-939E-412B-88B5-FADFE043BB7F}.Debug|x64.ActiveCfg = Debug|Any CPU
		{FE3B9720-939E-412B-88B5-FADFE043BB7F}.Debug|x64.Build.0 = Debug|Any CPU
		{FE3B9720-939E-412B-88B5-FADFE043BB7F}.Debug|x86.ActiveCfg = Debug|Any CPU
		{FE3B9720-939E-412B-88B5-FADFE043BB7F}.Debug|x86.Build.0 = Debug|Any CPU
		{FE3B9720-939E-412B-88B5-FADFE043BB7F}.Release|Any CPU.ActiveCfg = Release|Any CPU
		{FE3B9720-939E-412B-88B5-FADFE043BB7F}.Release|Any CPU.Build.0 = Release|Any CPU
		{FE3B9720-939E-412B-88B5-FADFE043BB7F}.Release|x64.ActiveCfg = Release|Any CPU
		{FE3B9720-939E-412B-88B5-FADFE043BB7F}.Release|x64.Build.0 = Release|Any CPU
		{FE3B9720-939E-412B-88B5-FADFE043BB7F}.Release|x86.ActiveCfg = Release|Any CPU
		{FE3B9720-939E-412B-88B5-FADFE043BB7F}.Release|x86.Build.0 = Release|Any CPU
		{702F53F1-445A-409D-8DDE-070E8A92DD07}.Debug|Any CPU.ActiveCfg = Debug|Any CPU
		{702F53F1-445A-409D-8DDE-070E8A92DD07}.Debug|Any CPU.Build.0 = Debug|Any CPU
		{702F53F1-445A-409D-8DDE-070E8A92DD07}.Debug|x64.ActiveCfg = Debug|Any CPU
		{702F53F1-445A-409D-8DDE-070E8A92DD07}.Debug|x64.Build.0 = Debug|Any CPU
		{702F53F1-445A-409D-8DDE-070E8A92DD07}.Debug|x86.ActiveCfg = Debug|Any CPU
		{702F53F1-445A-409D-8DDE-070E8A92DD07}.Debug|x86.Build.0 = Debug|Any CPU
		{702F53F1-445A-409D-8DDE-070E8A92DD07}.Release|Any CPU.ActiveCfg = Release|Any CPU
		{702F53F1-445A-409D-8DDE-070E8A92DD07}.Release|Any CPU.Build.0 = Release|Any CPU
		{702F53F1-445A-409D-8DDE-070E8A92DD07}.Release|x64.ActiveCfg = Release|Any CPU
		{702F53F1-445A-409D-8DDE-070E8A92DD07}.Release|x64.Build.0 = Release|Any CPU
		{702F53F1-445A-409D-8DDE-070E8A92DD07}.Release|x86.ActiveCfg = Release|Any CPU
		{702F53F1-445A-409D-8DDE-070E8A92DD07}.Release|x86.Build.0 = Release|Any CPU
		{2300B207-F3D3-4C69-BDF2-B92F59FF46E0}.Debug|Any CPU.ActiveCfg = Debug|Any CPU
		{2300B207-F3D3-4C69-BDF2-B92F59FF46E0}.Debug|Any CPU.Build.0 = Debug|Any CPU
		{2300B207-F3D3-4C69-BDF2-B92F59FF46E0}.Debug|x64.ActiveCfg = Debug|Any CPU
		{2300B207-F3D3-4C69-BDF2-B92F59FF46E0}.Debug|x64.Build.0 = Debug|Any CPU
		{2300B207-F3D3-4C69-BDF2-B92F59FF46E0}.Debug|x86.ActiveCfg = Debug|Any CPU
		{2300B207-F3D3-4C69-BDF2-B92F59FF46E0}.Debug|x86.Build.0 = Debug|Any CPU
		{2300B207-F3D3-4C69-BDF2-B92F59FF46E0}.Release|Any CPU.ActiveCfg = Release|Any CPU
		{2300B207-F3D3-4C69-BDF2-B92F59FF46E0}.Release|Any CPU.Build.0 = Release|Any CPU
		{2300B207-F3D3-4C69-BDF2-B92F59FF46E0}.Release|x64.ActiveCfg = Release|Any CPU
		{2300B207-F3D3-4C69-BDF2-B92F59FF46E0}.Release|x64.Build.0 = Release|Any CPU
		{2300B207-F3D3-4C69-BDF2-B92F59FF46E0}.Release|x86.ActiveCfg = Release|Any CPU
		{2300B207-F3D3-4C69-BDF2-B92F59FF46E0}.Release|x86.Build.0 = Release|Any CPU
	EndGlobalSection
	GlobalSection(SolutionProperties) = preSolution
		HideSolutionNode = FALSE
	EndGlobalSection
	GlobalSection(NestedProjects) = preSolution
		{4A02A16C-95CE-447D-9D1E-8E761FC92C91} = {827E0CD3-B72D-47B6-A68D-7590B98EB39B}
		{FE3B9720-939E-412B-88B5-FADFE043BB7F} = {827E0CD3-B72D-47B6-A68D-7590B98EB39B}
		{702F53F1-445A-409D-8DDE-070E8A92DD07} = {827E0CD3-B72D-47B6-A68D-7590B98EB39B}
		{2300B207-F3D3-4C69-BDF2-B92F59FF46E0} = {827E0CD3-B72D-47B6-A68D-7590B98EB39B}
	EndGlobalSection
EndGlobal
